
Microsoft Visual Studio Solution File, Format Version 12.00
# Visual Studio Version 16
VisualStudioVersion = 16.0.31019.35
MinimumVisualStudioVersion = 10.0.40219.1
Project("{FAE04EC0-301F-11D3-BF4B-00C04F79EFBC}") = "myMLApp", "myMLApp\myMLApp.csproj", "{56C516D6-15CB-4191-A77E-C9B7A17716FA}"
EndProject
Project("{9A19103F-16F7-4668-BE54-9A1E7A4F7556}") = "myMLAppML.Model", "myMLAppML.Model\myMLAppML.Model.csproj", "{9CF86840-79B8-4542-B68B-5DB848F340FF}"
EndProject
Project("{9A19103F-16F7-4668-BE54-9A1E7A4F7556}") = "myMLAppML.ConsoleApp", "myMLAppML.ConsoleApp\myMLAppML.ConsoleApp.csproj", "{E6BCB40D-5A22-4CDC-A7FE-CBFBE8C518D4}"
EndProject
Global
	GlobalSection(SolutionConfigurationPlatforms) = preSolution
		Debug|Any CPU = Debug|Any CPU
		Release|Any CPU = Release|Any CPU
	EndGlobalSection
	GlobalSection(ProjectConfigurationPlatforms) = postSolution
		{56C516D6-15CB-4191-A77E-C9B7A17716FA}.Debug|Any CPU.ActiveCfg = Debug|Any CPU
		{56C516D6-15CB-4191-A77E-C9B7A17716FA}.Debug|Any CPU.Build.0 = Debug|Any CPU
		{56C516D6-15CB-4191-A77E-C9B7A17716FA}.Release|Any CPU.ActiveCfg = Release|Any CPU
		{56C516D6-15CB-4191-A77E-C9B7A17716FA}.Release|Any CPU.Build.0 = Release|Any CPU
		{9CF86840-79B8-4542-B68B-5DB848F340FF}.Debug|Any CPU.ActiveCfg = Debug|Any CPU
		{9CF86840-79B8-4542-B68B-5DB848F340FF}.Debug|Any CPU.Build.0 = Debug|Any CPU
		{9CF86840-79B8-4542-B68B-5DB848F340FF}.Release|Any CPU.ActiveCfg = Release|Any CPU
		{9CF86840-79B8-4542-B68B-5DB848F340FF}.Release|Any CPU.Build.0 = Release|Any CPU
		{E6BCB40D-5A22-4CDC-A7FE-CBFBE8C518D4}.Debug|Any CPU.ActiveCfg = Debug|Any CPU
		{E6BCB40D-5A22-4CDC-A7FE-CBFBE8C518D4}.Debug|Any CPU.Build.0 = Debug|Any CPU
		{E6BCB40D-5A22-4CDC-A7FE-CBFBE8C518D4}.Release|Any CPU.ActiveCfg = Release|Any CPU
		{E6BCB40D-5A22-4CDC-A7FE-CBFBE8C518D4}.Release|Any CPU.Build.0 = Release|Any CPU
	EndGlobalSection
	GlobalSection(SolutionProperties) = preSolution
		HideSolutionNode = FALSE
	EndGlobalSection
	GlobalSection(ExtensibilityGlobals) = postSolution
		SolutionGuid = {67BF442C-4320-4468-8038-B43C0DF026FA}
	EndGlobalSection
EndGlobal
